
Microsoft Visual Studio Solution File, Format Version 12.00
# Visual Studio 15
VisualStudioVersion = 15.0.28010.2046
MinimumVisualStudioVersion = 10.0.40219.1
Project("{FAE04EC0-301F-11D3-BF4B-00C04F79EFBC}") = "ConsoleApp2", "ConsoleApp2\ConsoleApp2.csproj", "{B0957961-A52C-49DE-80D6-C50951C28F80}"
EndProject
Project("{FAE04EC0-301F-11D3-BF4B-00C04F79EFBC}") = "WindowsFormsApp1", "WindowsFormsApp1\WindowsFormsApp1.csproj", "{BF23B921-F298-4C22-8196-A7CFB7E33959}"
EndProject
Global
	GlobalSection(SolutionConfigurationPlatforms) = preSolution
		Debug|Any CPU = Debug|Any CPU
		Release|Any CPU = Release|Any CPU
	EndGlobalSection
	GlobalSection(ProjectConfigurationPlatforms) = postSolution
		{B0957961-A52C-49DE-80D6-C50951C28F80}.Debug|Any CPU.ActiveCfg = Debug|Any CPU
		{B0957961-A52C-49DE-80D6-C50951C28F80}.Debug|Any CPU.Build.0 = Debug|Any CPU
		{B0957961-A52C-49DE-80D6-C50951C28F80}.Release|Any CPU.ActiveCfg = Release|Any CPU
		{B0957961-A52C-49DE-80D6-C50951C28F80}.Release|Any CPU.Build.0 = Release|Any CPU
		{BF23B921-F298-4C22-8196-A7CFB7E33959}.Debug|Any CPU.ActiveCfg = Debug|Any CPU
		{BF23B921-F298-4C22-8196-A7CFB7E33959}.Debug|Any CPU.Build.0 = Debug|Any CPU
		{BF23B921-F298-4C22-8196-A7CFB7E33959}.Release|Any CPU.ActiveCfg = Release|Any CPU
		{BF23B921-F298-4C22-8196-A7CFB7E33959}.Release|Any CPU.Build.0 = Release|Any CPU
	EndGlobalSection
	GlobalSection(SolutionProperties) = preSolution
		HideSolutionNode = FALSE
	EndGlobalSection
	GlobalSection(ExtensibilityGlobals) = postSolution
		SolutionGuid = {68943F3D-9FFD-4F0F-A5F9-0A7E92AC820C}
	EndGlobalSection
EndGlobal
