
Microsoft Visual Studio Solution File, Format Version 12.00
# Visual Studio 15
VisualStudioVersion = 15.0.28010.2046
MinimumVisualStudioVersion = 10.0.40219.1
Project("{FAE04EC0-301F-11D3-BF4B-00C04F79EFBC}") = "第一题", "ConsoleApp3\第一题.csproj", "{438B37E2-2CD8-40B5-92E4-BDF48F2100EB}"
EndProject
Project("{FAE04EC0-301F-11D3-BF4B-00C04F79EFBC}") = "第二题", "ConsoleApp1\第二题.csproj", "{CC1E0026-1E6D-4251-BC74-3B7EC7526E44}"
EndProject
Project("{FAE04EC0-301F-11D3-BF4B-00C04F79EFBC}") = "第三题", "ConsoleApp2\第三题.csproj", "{4CA5DE14-ED69-4250-9B5C-67347CE60A56}"
EndProject
Global
	GlobalSection(SolutionConfigurationPlatforms) = preSolution
		Debug|Any CPU = Debug|Any CPU
		Release|Any CPU = Release|Any CPU
	EndGlobalSection
	GlobalSection(ProjectConfigurationPlatforms) = postSolution
		{438B37E2-2CD8-40B5-92E4-BDF48F2100EB}.Debug|Any CPU.ActiveCfg = Debug|Any CPU
		{438B37E2-2CD8-40B5-92E4-BDF48F2100EB}.Debug|Any CPU.Build.0 = Debug|Any CPU
		{438B37E2-2CD8-40B5-92E4-BDF48F2100EB}.Release|Any CPU.ActiveCfg = Release|Any CPU
		{438B37E2-2CD8-40B5-92E4-BDF48F2100EB}.Release|Any CPU.Build.0 = Release|Any CPU
		{CC1E0026-1E6D-4251-BC74-3B7EC7526E44}.Debug|Any CPU.ActiveCfg = Debug|Any CPU
		{CC1E0026-1E6D-4251-BC74-3B7EC7526E44}.Debug|Any CPU.Build.0 = Debug|Any CPU
		{CC1E0026-1E6D-4251-BC74-3B7EC7526E44}.Release|Any CPU.ActiveCfg = Release|Any CPU
		{CC1E0026-1E6D-4251-BC74-3B7EC7526E44}.Release|Any CPU.Build.0 = Release|Any CPU
		{4CA5DE14-ED69-4250-9B5C-67347CE60A56}.Debug|Any CPU.ActiveCfg = Debug|Any CPU
		{4CA5DE14-ED69-4250-9B5C-67347CE60A56}.Debug|Any CPU.Build.0 = Debug|Any CPU
		{4CA5DE14-ED69-4250-9B5C-67347CE60A56}.Release|Any CPU.ActiveCfg = Release|Any CPU
		{4CA5DE14-ED69-4250-9B5C-67347CE60A56}.Release|Any CPU.Build.0 = Release|Any CPU
	EndGlobalSection
	GlobalSection(SolutionProperties) = preSolution
		HideSolutionNode = FALSE
	EndGlobalSection
	GlobalSection(ExtensibilityGlobals) = postSolution
		SolutionGuid = {416FA1EB-BF0C-418C-8B6A-3E05892992D4}
	EndGlobalSection
EndGlobal
